
Microsoft Visual Studio Solution File, Format Version 12.00
# Visual Studio 14
VisualStudioVersion = 14.0.25123.0
MinimumVisualStudioVersion = 10.0.40219.1
Project("{FAE04EC0-301F-11D3-BF4B-00C04F79EFBC}") = "SharpPropoPlus", "SharpPropoPlus\SharpPropoPlus.csproj", "{F4CB6E43-233C-42F0-BFC5-F9054DE9D6D6}"
EndProject
Project("{FAE04EC0-301F-11D3-BF4B-00C04F79EFBC}") = "SharpPropoPlus.vJoyMonitor", "SharpPropoPlus.vJoy.Monitor\SharpPropoPlus.vJoyMonitor.csproj", "{316BAD6F-4CED-4D0C-B2BF-36755950AFCC}"
EndProject
Project("{FAE04EC0-301F-11D3-BF4B-00C04F79EFBC}") = "SharpPropoPlus.Audio", "SharpPropoPlus.Audio\SharpPropoPlus.Audio.csproj", "{D713D76B-441B-46B4-94F2-E409048CC0C5}"
EndProject
Project("{FAE04EC0-301F-11D3-BF4B-00C04F79EFBC}") = "SharpPropoPlus.Events", "SharpPropoPlus.Events\SharpPropoPlus.Events.csproj", "{1409EDFB-E81D-4DAA-B7E4-0AE893BE4CAC}"
EndProject
Project("{FAE04EC0-301F-11D3-BF4B-00C04F79EFBC}") = "SharpPropoPlus.Decoder.Walkera", "SharpPropoPlus.Decoder.Walkera\SharpPropoPlus.Decoder.Walkera.csproj", "{0F1F030D-7F8B-43C6-B486-B05D0F21455F}"
EndProject
Project("{FAE04EC0-301F-11D3-BF4B-00C04F79EFBC}") = "SharpPropoPlus.Decoder", "SharpPropoPlus.Decoder\SharpPropoPlus.Decoder.csproj", "{A10F2EA1-0D67-4F27-B462-92088426395F}"
EndProject
Project("{2150E333-8FDC-42A3-9474-1A3956D46DE8}") = "Decoders", "Decoders", "{2D72B1FD-82F9-4921-A78A-A227762F1BBF}"
EndProject
Project("{2150E333-8FDC-42A3-9474-1A3956D46DE8}") = "vJoy", "vJoy", "{0D1EF392-3BD6-4433-990D-25B58246F0AC}"
EndProject
Global
	GlobalSection(SolutionConfigurationPlatforms) = preSolution
		Debug|Any CPU = Debug|Any CPU
		Debug|x64 = Debug|x64
		Debug|x86 = Debug|x86
		Release|Any CPU = Release|Any CPU
		Release|x64 = Release|x64
		Release|x86 = Release|x86
	EndGlobalSection
	GlobalSection(ProjectConfigurationPlatforms) = postSolution
		{F4CB6E43-233C-42F0-BFC5-F9054DE9D6D6}.Debug|Any CPU.ActiveCfg = Debug|x86
		{F4CB6E43-233C-42F0-BFC5-F9054DE9D6D6}.Debug|x64.ActiveCfg = Debug|x64
		{F4CB6E43-233C-42F0-BFC5-F9054DE9D6D6}.Debug|x64.Build.0 = Debug|x64
		{F4CB6E43-233C-42F0-BFC5-F9054DE9D6D6}.Debug|x86.ActiveCfg = Debug|x86
		{F4CB6E43-233C-42F0-BFC5-F9054DE9D6D6}.Debug|x86.Build.0 = Debug|x86
		{F4CB6E43-233C-42F0-BFC5-F9054DE9D6D6}.Release|Any CPU.ActiveCfg = Release|x86
		{F4CB6E43-233C-42F0-BFC5-F9054DE9D6D6}.Release|x64.ActiveCfg = Release|x64
		{F4CB6E43-233C-42F0-BFC5-F9054DE9D6D6}.Release|x64.Build.0 = Release|x64
		{F4CB6E43-233C-42F0-BFC5-F9054DE9D6D6}.Release|x86.ActiveCfg = Release|x86
		{F4CB6E43-233C-42F0-BFC5-F9054DE9D6D6}.Release|x86.Build.0 = Release|x86
		{316BAD6F-4CED-4D0C-B2BF-36755950AFCC}.Debug|Any CPU.ActiveCfg = Debug|x86
		{316BAD6F-4CED-4D0C-B2BF-36755950AFCC}.Debug|x64.ActiveCfg = Debug|x64
		{316BAD6F-4CED-4D0C-B2BF-36755950AFCC}.Debug|x64.Build.0 = Debug|x64
		{316BAD6F-4CED-4D0C-B2BF-36755950AFCC}.Debug|x86.ActiveCfg = Debug|x86
		{316BAD6F-4CED-4D0C-B2BF-36755950AFCC}.Debug|x86.Build.0 = Debug|x86
		{316BAD6F-4CED-4D0C-B2BF-36755950AFCC}.Release|Any CPU.ActiveCfg = Release|x86
		{316BAD6F-4CED-4D0C-B2BF-36755950AFCC}.Release|x64.ActiveCfg = Release|x64
		{316BAD6F-4CED-4D0C-B2BF-36755950AFCC}.Release|x64.Build.0 = Release|x64
		{316BAD6F-4CED-4D0C-B2BF-36755950AFCC}.Release|x86.ActiveCfg = Release|x86
		{316BAD6F-4CED-4D0C-B2BF-36755950AFCC}.Release|x86.Build.0 = Release|x86
		{D713D76B-441B-46B4-94F2-E409048CC0C5}.Debug|Any CPU.ActiveCfg = Debug|Any CPU
		{D713D76B-441B-46B4-94F2-E409048CC0C5}.Debug|Any CPU.Build.0 = Debug|Any CPU
		{D713D76B-441B-46B4-94F2-E409048CC0C5}.Debug|x64.ActiveCfg = Debug|Any CPU
		{D713D76B-441B-46B4-94F2-E409048CC0C5}.Debug|x64.Build.0 = Debug|Any CPU
		{D713D76B-441B-46B4-94F2-E409048CC0C5}.Debug|x86.ActiveCfg = Debug|Any CPU
		{D713D76B-441B-46B4-94F2-E409048CC0C5}.Debug|x86.Build.0 = Debug|Any CPU
		{D713D76B-441B-46B4-94F2-E409048CC0C5}.Release|Any CPU.ActiveCfg = Release|Any CPU
		{D713D76B-441B-46B4-94F2-E409048CC0C5}.Release|Any CPU.Build.0 = Release|Any CPU
		{D713D76B-441B-46B4-94F2-E409048CC0C5}.Release|x64.ActiveCfg = Release|Any CPU
		{D713D76B-441B-46B4-94F2-E409048CC0C5}.Release|x64.Build.0 = Release|Any CPU
		{D713D76B-441B-46B4-94F2-E409048CC0C5}.Release|x86.ActiveCfg = Release|Any CPU
		{D713D76B-441B-46B4-94F2-E409048CC0C5}.Release|x86.Build.0 = Release|Any CPU
		{1409EDFB-E81D-4DAA-B7E4-0AE893BE4CAC}.Debug|Any CPU.ActiveCfg = Debug|Any CPU
		{1409EDFB-E81D-4DAA-B7E4-0AE893BE4CAC}.Debug|Any CPU.Build.0 = Debug|Any CPU
		{1409EDFB-E81D-4DAA-B7E4-0AE893BE4CAC}.Debug|x64.ActiveCfg = Debug|Any CPU
		{1409EDFB-E81D-4DAA-B7E4-0AE893BE4CAC}.Debug|x64.Build.0 = Debug|Any CPU
		{1409EDFB-E81D-4DAA-B7E4-0AE893BE4CAC}.Debug|x86.ActiveCfg = Debug|Any CPU
		{1409EDFB-E81D-4DAA-B7E4-0AE893BE4CAC}.Debug|x86.Build.0 = Debug|Any CPU
		{1409EDFB-E81D-4DAA-B7E4-0AE893BE4CAC}.Release|Any CPU.ActiveCfg = Release|Any CPU
		{1409EDFB-E81D-4DAA-B7E4-0AE893BE4CAC}.Release|Any CPU.Build.0 = Release|Any CPU
		{1409EDFB-E81D-4DAA-B7E4-0AE893BE4CAC}.Release|x64.ActiveCfg = Release|Any CPU
		{1409EDFB-E81D-4DAA-B7E4-0AE893BE4CAC}.Release|x64.Build.0 = Release|Any CPU
		{1409EDFB-E81D-4DAA-B7E4-0AE893BE4CAC}.Release|x86.ActiveCfg = Release|Any CPU
		{1409EDFB-E81D-4DAA-B7E4-0AE893BE4CAC}.Release|x86.Build.0 = Release|Any CPU
		{0F1F030D-7F8B-43C6-B486-B05D0F21455F}.Debug|Any CPU.ActiveCfg = Debug|Any CPU
		{0F1F030D-7F8B-43C6-B486-B05D0F21455F}.Debug|Any CPU.Build.0 = Debug|Any CPU
		{0F1F030D-7F8B-43C6-B486-B05D0F21455F}.Debug|x64.ActiveCfg = Debug|Any CPU
		{0F1F030D-7F8B-43C6-B486-B05D0F21455F}.Debug|x64.Build.0 = Debug|Any CPU
		{0F1F030D-7F8B-43C6-B486-B05D0F21455F}.Debug|x86.ActiveCfg = Debug|Any CPU
		{0F1F030D-7F8B-43C6-B486-B05D0F21455F}.Debug|x86.Build.0 = Debug|Any CPU
		{0F1F030D-7F8B-43C6-B486-B05D0F21455F}.Release|Any CPU.ActiveCfg = Release|Any CPU
		{0F1F030D-7F8B-43C6-B486-B05D0F21455F}.Release|Any CPU.Build.0 = Release|Any CPU
		{0F1F030D-7F8B-43C6-B486-B05D0F21455F}.Release|x64.ActiveCfg = Release|Any CPU
		{0F1F030D-7F8B-43C6-B486-B05D0F21455F}.Release|x64.Build.0 = Release|Any CPU
		{0F1F030D-7F8B-43C6-B486-B05D0F21455F}.Release|x86.ActiveCfg = Release|Any CPU
		{0F1F030D-7F8B-43C6-B486-B05D0F21455F}.Release|x86.Build.0 = Release|Any CPU
		{A10F2EA1-0D67-4F27-B462-92088426395F}.Debug|Any CPU.ActiveCfg = Debug|Any CPU
		{A10F2EA1-0D67-4F27-B462-92088426395F}.Debug|Any CPU.Build.0 = Debug|Any CPU
		{A10F2EA1-0D67-4F27-B462-92088426395F}.Debug|x64.ActiveCfg = Debug|Any CPU
		{A10F2EA1-0D67-4F27-B462-92088426395F}.Debug|x64.Build.0 = Debug|Any CPU
		{A10F2EA1-0D67-4F27-B462-92088426395F}.Debug|x86.ActiveCfg = Debug|Any CPU
		{A10F2EA1-0D67-4F27-B462-92088426395F}.Debug|x86.Build.0 = Debug|Any CPU
		{A10F2EA1-0D67-4F27-B462-92088426395F}.Release|Any CPU.ActiveCfg = Release|Any CPU
		{A10F2EA1-0D67-4F27-B462-92088426395F}.Release|Any CPU.Build.0 = Release|Any CPU
		{A10F2EA1-0D67-4F27-B462-92088426395F}.Release|x64.ActiveCfg = Release|Any CPU
		{A10F2EA1-0D67-4F27-B462-92088426395F}.Release|x64.Build.0 = Release|Any CPU
		{A10F2EA1-0D67-4F27-B462-92088426395F}.Release|x86.ActiveCfg = Release|Any CPU
		{A10F2EA1-0D67-4F27-B462-92088426395F}.Release|x86.Build.0 = Release|Any CPU
	EndGlobalSection
	GlobalSection(SolutionProperties) = preSolution
		HideSolutionNode = FALSE
	EndGlobalSection
	GlobalSection(NestedProjects) = preSolution
		{0F1F030D-7F8B-43C6-B486-B05D0F21455F} = {2D72B1FD-82F9-4921-A78A-A227762F1BBF}
		{A10F2EA1-0D67-4F27-B462-92088426395F} = {2D72B1FD-82F9-4921-A78A-A227762F1BBF}
	EndGlobalSection
EndGlobal
