
Microsoft Visual Studio Solution File, Format Version 12.00
# Visual Studio 15
VisualStudioVersion = 15.0.26730.12
MinimumVisualStudioVersion = 10.0.40219.1
Project("{FAE04EC0-301F-11D3-BF4B-00C04F79EFBC}") = "SharpPropoPlus", "SharpPropoPlus\SharpPropoPlus.csproj", "{F4CB6E43-233C-42F0-BFC5-F9054DE9D6D6}"
EndProject
Project("{FAE04EC0-301F-11D3-BF4B-00C04F79EFBC}") = "SharpPropoPlus.vJoyMonitor", "SharpPropoPlus.vJoy.Monitor\SharpPropoPlus.vJoyMonitor.csproj", "{316BAD6F-4CED-4D0C-B2BF-36755950AFCC}"
EndProject
Project("{FAE04EC0-301F-11D3-BF4B-00C04F79EFBC}") = "SharpPropoPlus.Audio", "SharpPropoPlus.Audio\SharpPropoPlus.Audio.csproj", "{D713D76B-441B-46B4-94F2-E409048CC0C5}"
EndProject
Project("{FAE04EC0-301F-11D3-BF4B-00C04F79EFBC}") = "SharpPropoPlus.Events", "SharpPropoPlus.Events\SharpPropoPlus.Events.csproj", "{1409EDFB-E81D-4DAA-B7E4-0AE893BE4CAC}"
EndProject
Project("{FAE04EC0-301F-11D3-BF4B-00C04F79EFBC}") = "SharpPropoPlus.Decoder.Ppm.Walkera", "SharpPropoPlus.Decoder.Ppm.Walkera\SharpPropoPlus.Decoder.Ppm.Walkera.csproj", "{0F1F030D-7F8B-43C6-B486-B05D0F21455F}"
EndProject
Project("{FAE04EC0-301F-11D3-BF4B-00C04F79EFBC}") = "SharpPropoPlus.Decoder", "SharpPropoPlus.Decoder\SharpPropoPlus.Decoder.csproj", "{A10F2EA1-0D67-4F27-B462-92088426395F}"
EndProject
Project("{2150E333-8FDC-42A3-9474-1A3956D46DE8}") = "Decoders", "Decoders", "{2D72B1FD-82F9-4921-A78A-A227762F1BBF}"
EndProject
Project("{2150E333-8FDC-42A3-9474-1A3956D46DE8}") = "vJoy", "vJoy", "{0D1EF392-3BD6-4433-990D-25B58246F0AC}"
EndProject
Project("{FAE04EC0-301F-11D3-BF4B-00C04F79EFBC}") = "SharpPropoPlus.Decoder.Ppm.Turnigy9x", "SharpPropoPlus.Decoder.Ppm.Turnigy9x\SharpPropoPlus.Decoder.Ppm.Turnigy9x.csproj", "{C49F542C-04E8-42C3-9D4F-77CB823D2F43}"
EndProject
Project("{FAE04EC0-301F-11D3-BF4B-00C04F79EFBC}") = "SharpPropoPlus.Decoder.Ppm", "SharpPropoPlus.Decoder.Ppm\SharpPropoPlus.Decoder.Ppm.csproj", "{E1EBC83E-6B57-424F-A27C-22CAB05A1E06}"
EndProject
Project("{2150E333-8FDC-42A3-9474-1A3956D46DE8}") = "PPM", "PPM", "{35F84339-5297-40CE-B727-F9EF40F5C5B4}"
EndProject
Project("{FAE04EC0-301F-11D3-BF4B-00C04F79EFBC}") = "SharpPropoPlus.Decoder.Ppm.Negative", "SharpPropoPlus.Decoder.Ppm.Negative\SharpPropoPlus.Decoder.Ppm.Negative.csproj", "{2764E8C1-6CB9-4E84-932D-0FAD5CE1047B}"
EndProject
Project("{FAE04EC0-301F-11D3-BF4B-00C04F79EFBC}") = "SharpPropoPlus.Decoder.Ppm.Positive", "SharpPropoPlus.Decoder.Ppm.Positive\SharpPropoPlus.Decoder.Ppm.Positive.csproj", "{BE28FA50-E7CD-4258-9EC2-8953D2B5CC40}"
EndProject
Project("{FAE04EC0-301F-11D3-BF4B-00C04F79EFBC}") = "SharpPropoPlus.Decoder.Ppm.Standard", "SharpPropoPlus.Decoder.Ppm.Standard\SharpPropoPlus.Decoder.Ppm.Standard.csproj", "{E9519B88-A527-4A94-8A67-F6B404070E28}"
EndProject
Project("{2150E333-8FDC-42A3-9474-1A3956D46DE8}") = "PCM", "PCM", "{5EEE1F1B-45D0-4E04-A35E-BDB3A8420CF1}"
EndProject
Project("{FAE04EC0-301F-11D3-BF4B-00C04F79EFBC}") = "SharpPropoPlus.Decoder.Pcm", "SharpPropoPlus.Decoder.Pcm\SharpPropoPlus.Decoder.Pcm.csproj", "{FB3FA5AF-4E27-46C2-8D26-F8266B06C0A3}"
EndProject
Project("{FAE04EC0-301F-11D3-BF4B-00C04F79EFBC}") = "SharpPropoPlus.Decoder.Pcm.Walkera", "SharpPropoPlus.Decoder.Pcm.Walkera\SharpPropoPlus.Decoder.Pcm.Walkera.csproj", "{114B6D4B-C2A0-4CC1-B180-B8354FD9C6FD}"
EndProject
Project("{FAE04EC0-301F-11D3-BF4B-00C04F79EFBC}") = "SharpPropoPlus.Decoder.Pcm.AirtronicsSanwa", "SharpPropoPlus.Decoder.Pcm.AirtronicsSanwa\SharpPropoPlus.Decoder.Pcm.AirtronicsSanwa.csproj", "{A22A73BF-87A7-4855-80BE-156D79C98205}"
EndProject
Project("{FAE04EC0-301F-11D3-BF4B-00C04F79EFBC}") = "SharpPropoPlus.Decoder.Pcm.AirtronicsSanwaSecond", "SharpPropoPlus.Decoder.Pcm.AirtronicsSanwaSecond\SharpPropoPlus.Decoder.Pcm.AirtronicsSanwaSecond.csproj", "{00AD9821-4F04-44C5-B266-DD4EAD4ADB4D}"
EndProject
Project("{FAE04EC0-301F-11D3-BF4B-00C04F79EFBC}") = "SharpPropoPlus.Decoder.Pcm.Futaba", "SharpPropoPlus.Decoder.Pcm.Futaba\SharpPropoPlus.Decoder.Pcm.Futaba.csproj", "{01F87171-1940-4E02-8EE6-9148656A90E7}"
EndProject
Project("{FAE04EC0-301F-11D3-BF4B-00C04F79EFBC}") = "SharpPropoPlus.Decoder.Pcm.JrGraupner", "SharpPropoPlus.Decoder.Pcm.Jr\SharpPropoPlus.Decoder.Pcm.JrGraupner.csproj", "{DA350D35-3B56-4544-84AC-819285567534}"
EndProject
Project("{FAE04EC0-301F-11D3-BF4B-00C04F79EFBC}") = "SharpPropoPlus.Decoder.Ppm.RadioLinkAT9", "SharpPropoPlus.Decoder.Ppm.RadioLinkAT9\SharpPropoPlus.Decoder.Ppm.RadioLinkAT9.csproj", "{767A9E90-8823-4505-A1B2-E8A24CD96091}"
EndProject
Project("{2150E333-8FDC-42A3-9474-1A3956D46DE8}") = "Filters", "Filters", "{E65A9AA0-6CEE-44CA-ADD3-4AD282C246EB}"
EndProject
Project("{FAE04EC0-301F-11D3-BF4B-00C04F79EFBC}") = "SharpPropoPlus.Filter", "SharpPropoPlus.Filter\SharpPropoPlus.Filter.csproj", "{4B83A5EE-5BF8-4DAF-BA93-654BB86EDF99}"
EndProject
Project("{FAE04EC0-301F-11D3-BF4B-00C04F79EFBC}") = "SharpPropoPlus.Contracts", "SharpPropoPlus.Contracts\SharpPropoPlus.Contracts.csproj", "{3FBEE597-4EF9-4DFB-B8F6-16E0D0739AC0}"
EndProject
Project("{FAE04EC0-301F-11D3-BF4B-00C04F79EFBC}") = "SharpPropoPlus.Filter.Esky", "SharpPropoPlus.Filter.EskyCcpm\SharpPropoPlus.Filter.Esky.csproj", "{2A38CCDC-6772-4192-BFC8-2648607854E4}"
EndProject
Project("{FAE04EC0-301F-11D3-BF4B-00C04F79EFBC}") = "SharpPropoPlus.Filter.VTail", "SharpPropoPlus.Filter.VTail\SharpPropoPlus.Filter.VTail.csproj", "{34653946-0349-4284-9AD1-0122A8D3048B}"
EndProject
Project("{FAE04EC0-301F-11D3-BF4B-00C04F79EFBC}") = "SharpPropoPlus.Filter.Null", "SharpPropoPlus.Filter.Null\SharpPropoPlus.Filter.Null.csproj", "{243266DD-24D4-4210-AFB4-6D12948B1963}"
EndProject
Project("{FAE04EC0-301F-11D3-BF4B-00C04F79EFBC}") = "SharpPropoPlus.Filter.DeltaWing", "SharpPropoPlus.Filter.DeltaWing\SharpPropoPlus.Filter.DeltaWing.csproj", "{4A7FB141-6AA0-4EBB-B58B-E72CB0153A07}"
EndProject
Global
	GlobalSection(SolutionConfigurationPlatforms) = preSolution
		Debug|Any CPU = Debug|Any CPU
		Debug|x64 = Debug|x64
		Debug|x86 = Debug|x86
		Release|Any CPU = Release|Any CPU
		Release|x64 = Release|x64
		Release|x86 = Release|x86
	EndGlobalSection
	GlobalSection(ProjectConfigurationPlatforms) = postSolution
		{F4CB6E43-233C-42F0-BFC5-F9054DE9D6D6}.Debug|Any CPU.ActiveCfg = Debug|x86
		{F4CB6E43-233C-42F0-BFC5-F9054DE9D6D6}.Debug|Any CPU.Build.0 = Debug|x86
		{F4CB6E43-233C-42F0-BFC5-F9054DE9D6D6}.Debug|x64.ActiveCfg = Debug|x64
		{F4CB6E43-233C-42F0-BFC5-F9054DE9D6D6}.Debug|x64.Build.0 = Debug|x64
		{F4CB6E43-233C-42F0-BFC5-F9054DE9D6D6}.Debug|x86.ActiveCfg = Debug|x86
		{F4CB6E43-233C-42F0-BFC5-F9054DE9D6D6}.Debug|x86.Build.0 = Debug|x86
		{F4CB6E43-233C-42F0-BFC5-F9054DE9D6D6}.Release|Any CPU.ActiveCfg = Release|x86
		{F4CB6E43-233C-42F0-BFC5-F9054DE9D6D6}.Release|x64.ActiveCfg = Release|x64
		{F4CB6E43-233C-42F0-BFC5-F9054DE9D6D6}.Release|x64.Build.0 = Release|x64
		{F4CB6E43-233C-42F0-BFC5-F9054DE9D6D6}.Release|x86.ActiveCfg = Release|x86
		{F4CB6E43-233C-42F0-BFC5-F9054DE9D6D6}.Release|x86.Build.0 = Release|x86
		{316BAD6F-4CED-4D0C-B2BF-36755950AFCC}.Debug|Any CPU.ActiveCfg = Debug|x86
		{316BAD6F-4CED-4D0C-B2BF-36755950AFCC}.Debug|Any CPU.Build.0 = Debug|x86
		{316BAD6F-4CED-4D0C-B2BF-36755950AFCC}.Debug|x64.ActiveCfg = Debug|x64
		{316BAD6F-4CED-4D0C-B2BF-36755950AFCC}.Debug|x64.Build.0 = Debug|x64
		{316BAD6F-4CED-4D0C-B2BF-36755950AFCC}.Debug|x86.ActiveCfg = Debug|x86
		{316BAD6F-4CED-4D0C-B2BF-36755950AFCC}.Debug|x86.Build.0 = Debug|x86
		{316BAD6F-4CED-4D0C-B2BF-36755950AFCC}.Release|Any CPU.ActiveCfg = Release|x86
		{316BAD6F-4CED-4D0C-B2BF-36755950AFCC}.Release|x64.ActiveCfg = Release|x64
		{316BAD6F-4CED-4D0C-B2BF-36755950AFCC}.Release|x64.Build.0 = Release|x64
		{316BAD6F-4CED-4D0C-B2BF-36755950AFCC}.Release|x86.ActiveCfg = Release|x86
		{316BAD6F-4CED-4D0C-B2BF-36755950AFCC}.Release|x86.Build.0 = Release|x86
		{D713D76B-441B-46B4-94F2-E409048CC0C5}.Debug|Any CPU.ActiveCfg = Debug|Any CPU
		{D713D76B-441B-46B4-94F2-E409048CC0C5}.Debug|Any CPU.Build.0 = Debug|Any CPU
		{D713D76B-441B-46B4-94F2-E409048CC0C5}.Debug|x64.ActiveCfg = Debug|Any CPU
		{D713D76B-441B-46B4-94F2-E409048CC0C5}.Debug|x64.Build.0 = Debug|Any CPU
		{D713D76B-441B-46B4-94F2-E409048CC0C5}.Debug|x86.ActiveCfg = Debug|Any CPU
		{D713D76B-441B-46B4-94F2-E409048CC0C5}.Debug|x86.Build.0 = Debug|Any CPU
		{D713D76B-441B-46B4-94F2-E409048CC0C5}.Release|Any CPU.ActiveCfg = Release|Any CPU
		{D713D76B-441B-46B4-94F2-E409048CC0C5}.Release|Any CPU.Build.0 = Release|Any CPU
		{D713D76B-441B-46B4-94F2-E409048CC0C5}.Release|x64.ActiveCfg = Release|Any CPU
		{D713D76B-441B-46B4-94F2-E409048CC0C5}.Release|x64.Build.0 = Release|Any CPU
		{D713D76B-441B-46B4-94F2-E409048CC0C5}.Release|x86.ActiveCfg = Release|Any CPU
		{D713D76B-441B-46B4-94F2-E409048CC0C5}.Release|x86.Build.0 = Release|Any CPU
		{1409EDFB-E81D-4DAA-B7E4-0AE893BE4CAC}.Debug|Any CPU.ActiveCfg = Debug|Any CPU
		{1409EDFB-E81D-4DAA-B7E4-0AE893BE4CAC}.Debug|Any CPU.Build.0 = Debug|Any CPU
		{1409EDFB-E81D-4DAA-B7E4-0AE893BE4CAC}.Debug|x64.ActiveCfg = Debug|Any CPU
		{1409EDFB-E81D-4DAA-B7E4-0AE893BE4CAC}.Debug|x64.Build.0 = Debug|Any CPU
		{1409EDFB-E81D-4DAA-B7E4-0AE893BE4CAC}.Debug|x86.ActiveCfg = Debug|Any CPU
		{1409EDFB-E81D-4DAA-B7E4-0AE893BE4CAC}.Debug|x86.Build.0 = Debug|Any CPU
		{1409EDFB-E81D-4DAA-B7E4-0AE893BE4CAC}.Release|Any CPU.ActiveCfg = Release|Any CPU
		{1409EDFB-E81D-4DAA-B7E4-0AE893BE4CAC}.Release|Any CPU.Build.0 = Release|Any CPU
		{1409EDFB-E81D-4DAA-B7E4-0AE893BE4CAC}.Release|x64.ActiveCfg = Release|Any CPU
		{1409EDFB-E81D-4DAA-B7E4-0AE893BE4CAC}.Release|x64.Build.0 = Release|Any CPU
		{1409EDFB-E81D-4DAA-B7E4-0AE893BE4CAC}.Release|x86.ActiveCfg = Release|Any CPU
		{1409EDFB-E81D-4DAA-B7E4-0AE893BE4CAC}.Release|x86.Build.0 = Release|Any CPU
		{0F1F030D-7F8B-43C6-B486-B05D0F21455F}.Debug|Any CPU.ActiveCfg = Debug|Any CPU
		{0F1F030D-7F8B-43C6-B486-B05D0F21455F}.Debug|Any CPU.Build.0 = Debug|Any CPU
		{0F1F030D-7F8B-43C6-B486-B05D0F21455F}.Debug|x64.ActiveCfg = Debug|Any CPU
		{0F1F030D-7F8B-43C6-B486-B05D0F21455F}.Debug|x64.Build.0 = Debug|Any CPU
		{0F1F030D-7F8B-43C6-B486-B05D0F21455F}.Debug|x86.ActiveCfg = Debug|Any CPU
		{0F1F030D-7F8B-43C6-B486-B05D0F21455F}.Debug|x86.Build.0 = Debug|Any CPU
		{0F1F030D-7F8B-43C6-B486-B05D0F21455F}.Release|Any CPU.ActiveCfg = Release|Any CPU
		{0F1F030D-7F8B-43C6-B486-B05D0F21455F}.Release|Any CPU.Build.0 = Release|Any CPU
		{0F1F030D-7F8B-43C6-B486-B05D0F21455F}.Release|x64.ActiveCfg = Release|Any CPU
		{0F1F030D-7F8B-43C6-B486-B05D0F21455F}.Release|x64.Build.0 = Release|Any CPU
		{0F1F030D-7F8B-43C6-B486-B05D0F21455F}.Release|x86.ActiveCfg = Release|Any CPU
		{0F1F030D-7F8B-43C6-B486-B05D0F21455F}.Release|x86.Build.0 = Release|Any CPU
		{A10F2EA1-0D67-4F27-B462-92088426395F}.Debug|Any CPU.ActiveCfg = Debug|Any CPU
		{A10F2EA1-0D67-4F27-B462-92088426395F}.Debug|Any CPU.Build.0 = Debug|Any CPU
		{A10F2EA1-0D67-4F27-B462-92088426395F}.Debug|x64.ActiveCfg = Debug|Any CPU
		{A10F2EA1-0D67-4F27-B462-92088426395F}.Debug|x64.Build.0 = Debug|Any CPU
		{A10F2EA1-0D67-4F27-B462-92088426395F}.Debug|x86.ActiveCfg = Debug|Any CPU
		{A10F2EA1-0D67-4F27-B462-92088426395F}.Debug|x86.Build.0 = Debug|Any CPU
		{A10F2EA1-0D67-4F27-B462-92088426395F}.Release|Any CPU.ActiveCfg = Release|Any CPU
		{A10F2EA1-0D67-4F27-B462-92088426395F}.Release|Any CPU.Build.0 = Release|Any CPU
		{A10F2EA1-0D67-4F27-B462-92088426395F}.Release|x64.ActiveCfg = Release|Any CPU
		{A10F2EA1-0D67-4F27-B462-92088426395F}.Release|x64.Build.0 = Release|Any CPU
		{A10F2EA1-0D67-4F27-B462-92088426395F}.Release|x86.ActiveCfg = Release|Any CPU
		{A10F2EA1-0D67-4F27-B462-92088426395F}.Release|x86.Build.0 = Release|Any CPU
		{C49F542C-04E8-42C3-9D4F-77CB823D2F43}.Debug|Any CPU.ActiveCfg = Debug|Any CPU
		{C49F542C-04E8-42C3-9D4F-77CB823D2F43}.Debug|Any CPU.Build.0 = Debug|Any CPU
		{C49F542C-04E8-42C3-9D4F-77CB823D2F43}.Debug|x64.ActiveCfg = Debug|Any CPU
		{C49F542C-04E8-42C3-9D4F-77CB823D2F43}.Debug|x64.Build.0 = Debug|Any CPU
		{C49F542C-04E8-42C3-9D4F-77CB823D2F43}.Debug|x86.ActiveCfg = Debug|Any CPU
		{C49F542C-04E8-42C3-9D4F-77CB823D2F43}.Debug|x86.Build.0 = Debug|Any CPU
		{C49F542C-04E8-42C3-9D4F-77CB823D2F43}.Release|Any CPU.ActiveCfg = Release|Any CPU
		{C49F542C-04E8-42C3-9D4F-77CB823D2F43}.Release|Any CPU.Build.0 = Release|Any CPU
		{C49F542C-04E8-42C3-9D4F-77CB823D2F43}.Release|x64.ActiveCfg = Release|Any CPU
		{C49F542C-04E8-42C3-9D4F-77CB823D2F43}.Release|x64.Build.0 = Release|Any CPU
		{C49F542C-04E8-42C3-9D4F-77CB823D2F43}.Release|x86.ActiveCfg = Release|Any CPU
		{C49F542C-04E8-42C3-9D4F-77CB823D2F43}.Release|x86.Build.0 = Release|Any CPU
		{E1EBC83E-6B57-424F-A27C-22CAB05A1E06}.Debug|Any CPU.ActiveCfg = Debug|Any CPU
		{E1EBC83E-6B57-424F-A27C-22CAB05A1E06}.Debug|Any CPU.Build.0 = Debug|Any CPU
		{E1EBC83E-6B57-424F-A27C-22CAB05A1E06}.Debug|x64.ActiveCfg = Debug|Any CPU
		{E1EBC83E-6B57-424F-A27C-22CAB05A1E06}.Debug|x64.Build.0 = Debug|Any CPU
		{E1EBC83E-6B57-424F-A27C-22CAB05A1E06}.Debug|x86.ActiveCfg = Debug|Any CPU
		{E1EBC83E-6B57-424F-A27C-22CAB05A1E06}.Debug|x86.Build.0 = Debug|Any CPU
		{E1EBC83E-6B57-424F-A27C-22CAB05A1E06}.Release|Any CPU.ActiveCfg = Release|Any CPU
		{E1EBC83E-6B57-424F-A27C-22CAB05A1E06}.Release|Any CPU.Build.0 = Release|Any CPU
		{E1EBC83E-6B57-424F-A27C-22CAB05A1E06}.Release|x64.ActiveCfg = Release|Any CPU
		{E1EBC83E-6B57-424F-A27C-22CAB05A1E06}.Release|x64.Build.0 = Release|Any CPU
		{E1EBC83E-6B57-424F-A27C-22CAB05A1E06}.Release|x86.ActiveCfg = Release|Any CPU
		{E1EBC83E-6B57-424F-A27C-22CAB05A1E06}.Release|x86.Build.0 = Release|Any CPU
		{2764E8C1-6CB9-4E84-932D-0FAD5CE1047B}.Debug|Any CPU.ActiveCfg = Debug|Any CPU
		{2764E8C1-6CB9-4E84-932D-0FAD5CE1047B}.Debug|Any CPU.Build.0 = Debug|Any CPU
		{2764E8C1-6CB9-4E84-932D-0FAD5CE1047B}.Debug|x64.ActiveCfg = Debug|Any CPU
		{2764E8C1-6CB9-4E84-932D-0FAD5CE1047B}.Debug|x64.Build.0 = Debug|Any CPU
		{2764E8C1-6CB9-4E84-932D-0FAD5CE1047B}.Debug|x86.ActiveCfg = Debug|Any CPU
		{2764E8C1-6CB9-4E84-932D-0FAD5CE1047B}.Debug|x86.Build.0 = Debug|Any CPU
		{2764E8C1-6CB9-4E84-932D-0FAD5CE1047B}.Release|Any CPU.ActiveCfg = Release|Any CPU
		{2764E8C1-6CB9-4E84-932D-0FAD5CE1047B}.Release|Any CPU.Build.0 = Release|Any CPU
		{2764E8C1-6CB9-4E84-932D-0FAD5CE1047B}.Release|x64.ActiveCfg = Release|Any CPU
		{2764E8C1-6CB9-4E84-932D-0FAD5CE1047B}.Release|x64.Build.0 = Release|Any CPU
		{2764E8C1-6CB9-4E84-932D-0FAD5CE1047B}.Release|x86.ActiveCfg = Release|Any CPU
		{2764E8C1-6CB9-4E84-932D-0FAD5CE1047B}.Release|x86.Build.0 = Release|Any CPU
		{BE28FA50-E7CD-4258-9EC2-8953D2B5CC40}.Debug|Any CPU.ActiveCfg = Debug|Any CPU
		{BE28FA50-E7CD-4258-9EC2-8953D2B5CC40}.Debug|Any CPU.Build.0 = Debug|Any CPU
		{BE28FA50-E7CD-4258-9EC2-8953D2B5CC40}.Debug|x64.ActiveCfg = Debug|Any CPU
		{BE28FA50-E7CD-4258-9EC2-8953D2B5CC40}.Debug|x64.Build.0 = Debug|Any CPU
		{BE28FA50-E7CD-4258-9EC2-8953D2B5CC40}.Debug|x86.ActiveCfg = Debug|Any CPU
		{BE28FA50-E7CD-4258-9EC2-8953D2B5CC40}.Debug|x86.Build.0 = Debug|Any CPU
		{BE28FA50-E7CD-4258-9EC2-8953D2B5CC40}.Release|Any CPU.ActiveCfg = Release|Any CPU
		{BE28FA50-E7CD-4258-9EC2-8953D2B5CC40}.Release|Any CPU.Build.0 = Release|Any CPU
		{BE28FA50-E7CD-4258-9EC2-8953D2B5CC40}.Release|x64.ActiveCfg = Release|Any CPU
		{BE28FA50-E7CD-4258-9EC2-8953D2B5CC40}.Release|x64.Build.0 = Release|Any CPU
		{BE28FA50-E7CD-4258-9EC2-8953D2B5CC40}.Release|x86.ActiveCfg = Release|Any CPU
		{BE28FA50-E7CD-4258-9EC2-8953D2B5CC40}.Release|x86.Build.0 = Release|Any CPU
		{E9519B88-A527-4A94-8A67-F6B404070E28}.Debug|Any CPU.ActiveCfg = Debug|Any CPU
		{E9519B88-A527-4A94-8A67-F6B404070E28}.Debug|Any CPU.Build.0 = Debug|Any CPU
		{E9519B88-A527-4A94-8A67-F6B404070E28}.Debug|x64.ActiveCfg = Debug|Any CPU
		{E9519B88-A527-4A94-8A67-F6B404070E28}.Debug|x64.Build.0 = Debug|Any CPU
		{E9519B88-A527-4A94-8A67-F6B404070E28}.Debug|x86.ActiveCfg = Debug|Any CPU
		{E9519B88-A527-4A94-8A67-F6B404070E28}.Debug|x86.Build.0 = Debug|Any CPU
		{E9519B88-A527-4A94-8A67-F6B404070E28}.Release|Any CPU.ActiveCfg = Release|Any CPU
		{E9519B88-A527-4A94-8A67-F6B404070E28}.Release|Any CPU.Build.0 = Release|Any CPU
		{E9519B88-A527-4A94-8A67-F6B404070E28}.Release|x64.ActiveCfg = Release|Any CPU
		{E9519B88-A527-4A94-8A67-F6B404070E28}.Release|x64.Build.0 = Release|Any CPU
		{E9519B88-A527-4A94-8A67-F6B404070E28}.Release|x86.ActiveCfg = Release|Any CPU
		{E9519B88-A527-4A94-8A67-F6B404070E28}.Release|x86.Build.0 = Release|Any CPU
		{FB3FA5AF-4E27-46C2-8D26-F8266B06C0A3}.Debug|Any CPU.ActiveCfg = Debug|Any CPU
		{FB3FA5AF-4E27-46C2-8D26-F8266B06C0A3}.Debug|Any CPU.Build.0 = Debug|Any CPU
		{FB3FA5AF-4E27-46C2-8D26-F8266B06C0A3}.Debug|x64.ActiveCfg = Debug|Any CPU
		{FB3FA5AF-4E27-46C2-8D26-F8266B06C0A3}.Debug|x64.Build.0 = Debug|Any CPU
		{FB3FA5AF-4E27-46C2-8D26-F8266B06C0A3}.Debug|x86.ActiveCfg = Debug|Any CPU
		{FB3FA5AF-4E27-46C2-8D26-F8266B06C0A3}.Debug|x86.Build.0 = Debug|Any CPU
		{FB3FA5AF-4E27-46C2-8D26-F8266B06C0A3}.Release|Any CPU.ActiveCfg = Release|Any CPU
		{FB3FA5AF-4E27-46C2-8D26-F8266B06C0A3}.Release|Any CPU.Build.0 = Release|Any CPU
		{FB3FA5AF-4E27-46C2-8D26-F8266B06C0A3}.Release|x64.ActiveCfg = Release|Any CPU
		{FB3FA5AF-4E27-46C2-8D26-F8266B06C0A3}.Release|x64.Build.0 = Release|Any CPU
		{FB3FA5AF-4E27-46C2-8D26-F8266B06C0A3}.Release|x86.ActiveCfg = Release|Any CPU
		{FB3FA5AF-4E27-46C2-8D26-F8266B06C0A3}.Release|x86.Build.0 = Release|Any CPU
		{114B6D4B-C2A0-4CC1-B180-B8354FD9C6FD}.Debug|Any CPU.ActiveCfg = Debug|Any CPU
		{114B6D4B-C2A0-4CC1-B180-B8354FD9C6FD}.Debug|Any CPU.Build.0 = Debug|Any CPU
		{114B6D4B-C2A0-4CC1-B180-B8354FD9C6FD}.Debug|x64.ActiveCfg = Debug|Any CPU
		{114B6D4B-C2A0-4CC1-B180-B8354FD9C6FD}.Debug|x64.Build.0 = Debug|Any CPU
		{114B6D4B-C2A0-4CC1-B180-B8354FD9C6FD}.Debug|x86.ActiveCfg = Debug|Any CPU
		{114B6D4B-C2A0-4CC1-B180-B8354FD9C6FD}.Debug|x86.Build.0 = Debug|Any CPU
		{114B6D4B-C2A0-4CC1-B180-B8354FD9C6FD}.Release|Any CPU.ActiveCfg = Release|Any CPU
		{114B6D4B-C2A0-4CC1-B180-B8354FD9C6FD}.Release|Any CPU.Build.0 = Release|Any CPU
		{114B6D4B-C2A0-4CC1-B180-B8354FD9C6FD}.Release|x64.ActiveCfg = Release|Any CPU
		{114B6D4B-C2A0-4CC1-B180-B8354FD9C6FD}.Release|x64.Build.0 = Release|Any CPU
		{114B6D4B-C2A0-4CC1-B180-B8354FD9C6FD}.Release|x86.ActiveCfg = Release|Any CPU
		{114B6D4B-C2A0-4CC1-B180-B8354FD9C6FD}.Release|x86.Build.0 = Release|Any CPU
		{A22A73BF-87A7-4855-80BE-156D79C98205}.Debug|Any CPU.ActiveCfg = Debug|Any CPU
		{A22A73BF-87A7-4855-80BE-156D79C98205}.Debug|Any CPU.Build.0 = Debug|Any CPU
		{A22A73BF-87A7-4855-80BE-156D79C98205}.Debug|x64.ActiveCfg = Debug|Any CPU
		{A22A73BF-87A7-4855-80BE-156D79C98205}.Debug|x64.Build.0 = Debug|Any CPU
		{A22A73BF-87A7-4855-80BE-156D79C98205}.Debug|x86.ActiveCfg = Debug|Any CPU
		{A22A73BF-87A7-4855-80BE-156D79C98205}.Debug|x86.Build.0 = Debug|Any CPU
		{A22A73BF-87A7-4855-80BE-156D79C98205}.Release|Any CPU.ActiveCfg = Release|Any CPU
		{A22A73BF-87A7-4855-80BE-156D79C98205}.Release|Any CPU.Build.0 = Release|Any CPU
		{A22A73BF-87A7-4855-80BE-156D79C98205}.Release|x64.ActiveCfg = Release|Any CPU
		{A22A73BF-87A7-4855-80BE-156D79C98205}.Release|x64.Build.0 = Release|Any CPU
		{A22A73BF-87A7-4855-80BE-156D79C98205}.Release|x86.ActiveCfg = Release|Any CPU
		{A22A73BF-87A7-4855-80BE-156D79C98205}.Release|x86.Build.0 = Release|Any CPU
		{00AD9821-4F04-44C5-B266-DD4EAD4ADB4D}.Debug|Any CPU.ActiveCfg = Debug|Any CPU
		{00AD9821-4F04-44C5-B266-DD4EAD4ADB4D}.Debug|Any CPU.Build.0 = Debug|Any CPU
		{00AD9821-4F04-44C5-B266-DD4EAD4ADB4D}.Debug|x64.ActiveCfg = Debug|Any CPU
		{00AD9821-4F04-44C5-B266-DD4EAD4ADB4D}.Debug|x64.Build.0 = Debug|Any CPU
		{00AD9821-4F04-44C5-B266-DD4EAD4ADB4D}.Debug|x86.ActiveCfg = Debug|Any CPU
		{00AD9821-4F04-44C5-B266-DD4EAD4ADB4D}.Debug|x86.Build.0 = Debug|Any CPU
		{00AD9821-4F04-44C5-B266-DD4EAD4ADB4D}.Release|Any CPU.ActiveCfg = Release|Any CPU
		{00AD9821-4F04-44C5-B266-DD4EAD4ADB4D}.Release|Any CPU.Build.0 = Release|Any CPU
		{00AD9821-4F04-44C5-B266-DD4EAD4ADB4D}.Release|x64.ActiveCfg = Release|Any CPU
		{00AD9821-4F04-44C5-B266-DD4EAD4ADB4D}.Release|x64.Build.0 = Release|Any CPU
		{00AD9821-4F04-44C5-B266-DD4EAD4ADB4D}.Release|x86.ActiveCfg = Release|Any CPU
		{00AD9821-4F04-44C5-B266-DD4EAD4ADB4D}.Release|x86.Build.0 = Release|Any CPU
		{01F87171-1940-4E02-8EE6-9148656A90E7}.Debug|Any CPU.ActiveCfg = Debug|Any CPU
		{01F87171-1940-4E02-8EE6-9148656A90E7}.Debug|Any CPU.Build.0 = Debug|Any CPU
		{01F87171-1940-4E02-8EE6-9148656A90E7}.Debug|x64.ActiveCfg = Debug|Any CPU
		{01F87171-1940-4E02-8EE6-9148656A90E7}.Debug|x64.Build.0 = Debug|Any CPU
		{01F87171-1940-4E02-8EE6-9148656A90E7}.Debug|x86.ActiveCfg = Debug|Any CPU
		{01F87171-1940-4E02-8EE6-9148656A90E7}.Debug|x86.Build.0 = Debug|Any CPU
		{01F87171-1940-4E02-8EE6-9148656A90E7}.Release|Any CPU.ActiveCfg = Release|Any CPU
		{01F87171-1940-4E02-8EE6-9148656A90E7}.Release|Any CPU.Build.0 = Release|Any CPU
		{01F87171-1940-4E02-8EE6-9148656A90E7}.Release|x64.ActiveCfg = Release|Any CPU
		{01F87171-1940-4E02-8EE6-9148656A90E7}.Release|x64.Build.0 = Release|Any CPU
		{01F87171-1940-4E02-8EE6-9148656A90E7}.Release|x86.ActiveCfg = Release|Any CPU
		{01F87171-1940-4E02-8EE6-9148656A90E7}.Release|x86.Build.0 = Release|Any CPU
		{DA350D35-3B56-4544-84AC-819285567534}.Debug|Any CPU.ActiveCfg = Debug|Any CPU
		{DA350D35-3B56-4544-84AC-819285567534}.Debug|Any CPU.Build.0 = Debug|Any CPU
		{DA350D35-3B56-4544-84AC-819285567534}.Debug|x64.ActiveCfg = Debug|Any CPU
		{DA350D35-3B56-4544-84AC-819285567534}.Debug|x64.Build.0 = Debug|Any CPU
		{DA350D35-3B56-4544-84AC-819285567534}.Debug|x86.ActiveCfg = Debug|Any CPU
		{DA350D35-3B56-4544-84AC-819285567534}.Debug|x86.Build.0 = Debug|Any CPU
		{DA350D35-3B56-4544-84AC-819285567534}.Release|Any CPU.ActiveCfg = Release|Any CPU
		{DA350D35-3B56-4544-84AC-819285567534}.Release|Any CPU.Build.0 = Release|Any CPU
		{DA350D35-3B56-4544-84AC-819285567534}.Release|x64.ActiveCfg = Release|Any CPU
		{DA350D35-3B56-4544-84AC-819285567534}.Release|x64.Build.0 = Release|Any CPU
		{DA350D35-3B56-4544-84AC-819285567534}.Release|x86.ActiveCfg = Release|Any CPU
		{DA350D35-3B56-4544-84AC-819285567534}.Release|x86.Build.0 = Release|Any CPU
		{767A9E90-8823-4505-A1B2-E8A24CD96091}.Debug|Any CPU.ActiveCfg = Debug|Any CPU
		{767A9E90-8823-4505-A1B2-E8A24CD96091}.Debug|Any CPU.Build.0 = Debug|Any CPU
		{767A9E90-8823-4505-A1B2-E8A24CD96091}.Debug|x64.ActiveCfg = Debug|Any CPU
		{767A9E90-8823-4505-A1B2-E8A24CD96091}.Debug|x64.Build.0 = Debug|Any CPU
		{767A9E90-8823-4505-A1B2-E8A24CD96091}.Debug|x86.ActiveCfg = Debug|Any CPU
		{767A9E90-8823-4505-A1B2-E8A24CD96091}.Debug|x86.Build.0 = Debug|Any CPU
		{767A9E90-8823-4505-A1B2-E8A24CD96091}.Release|Any CPU.ActiveCfg = Release|Any CPU
		{767A9E90-8823-4505-A1B2-E8A24CD96091}.Release|Any CPU.Build.0 = Release|Any CPU
		{767A9E90-8823-4505-A1B2-E8A24CD96091}.Release|x64.ActiveCfg = Release|Any CPU
		{767A9E90-8823-4505-A1B2-E8A24CD96091}.Release|x64.Build.0 = Release|Any CPU
		{767A9E90-8823-4505-A1B2-E8A24CD96091}.Release|x86.ActiveCfg = Release|Any CPU
		{767A9E90-8823-4505-A1B2-E8A24CD96091}.Release|x86.Build.0 = Release|Any CPU
		{4B83A5EE-5BF8-4DAF-BA93-654BB86EDF99}.Debug|Any CPU.ActiveCfg = Debug|Any CPU
		{4B83A5EE-5BF8-4DAF-BA93-654BB86EDF99}.Debug|Any CPU.Build.0 = Debug|Any CPU
		{4B83A5EE-5BF8-4DAF-BA93-654BB86EDF99}.Debug|x64.ActiveCfg = Debug|Any CPU
		{4B83A5EE-5BF8-4DAF-BA93-654BB86EDF99}.Debug|x64.Build.0 = Debug|Any CPU
		{4B83A5EE-5BF8-4DAF-BA93-654BB86EDF99}.Debug|x86.ActiveCfg = Debug|Any CPU
		{4B83A5EE-5BF8-4DAF-BA93-654BB86EDF99}.Debug|x86.Build.0 = Debug|Any CPU
		{4B83A5EE-5BF8-4DAF-BA93-654BB86EDF99}.Release|Any CPU.ActiveCfg = Release|Any CPU
		{4B83A5EE-5BF8-4DAF-BA93-654BB86EDF99}.Release|Any CPU.Build.0 = Release|Any CPU
		{4B83A5EE-5BF8-4DAF-BA93-654BB86EDF99}.Release|x64.ActiveCfg = Release|Any CPU
		{4B83A5EE-5BF8-4DAF-BA93-654BB86EDF99}.Release|x64.Build.0 = Release|Any CPU
		{4B83A5EE-5BF8-4DAF-BA93-654BB86EDF99}.Release|x86.ActiveCfg = Release|Any CPU
		{4B83A5EE-5BF8-4DAF-BA93-654BB86EDF99}.Release|x86.Build.0 = Release|Any CPU
		{3FBEE597-4EF9-4DFB-B8F6-16E0D0739AC0}.Debug|Any CPU.ActiveCfg = Debug|Any CPU
		{3FBEE597-4EF9-4DFB-B8F6-16E0D0739AC0}.Debug|Any CPU.Build.0 = Debug|Any CPU
		{3FBEE597-4EF9-4DFB-B8F6-16E0D0739AC0}.Debug|x64.ActiveCfg = Debug|Any CPU
		{3FBEE597-4EF9-4DFB-B8F6-16E0D0739AC0}.Debug|x64.Build.0 = Debug|Any CPU
		{3FBEE597-4EF9-4DFB-B8F6-16E0D0739AC0}.Debug|x86.ActiveCfg = Debug|Any CPU
		{3FBEE597-4EF9-4DFB-B8F6-16E0D0739AC0}.Debug|x86.Build.0 = Debug|Any CPU
		{3FBEE597-4EF9-4DFB-B8F6-16E0D0739AC0}.Release|Any CPU.ActiveCfg = Release|Any CPU
		{3FBEE597-4EF9-4DFB-B8F6-16E0D0739AC0}.Release|Any CPU.Build.0 = Release|Any CPU
		{3FBEE597-4EF9-4DFB-B8F6-16E0D0739AC0}.Release|x64.ActiveCfg = Release|Any CPU
		{3FBEE597-4EF9-4DFB-B8F6-16E0D0739AC0}.Release|x64.Build.0 = Release|Any CPU
		{3FBEE597-4EF9-4DFB-B8F6-16E0D0739AC0}.Release|x86.ActiveCfg = Release|Any CPU
		{3FBEE597-4EF9-4DFB-B8F6-16E0D0739AC0}.Release|x86.Build.0 = Release|Any CPU
		{2A38CCDC-6772-4192-BFC8-2648607854E4}.Debug|Any CPU.ActiveCfg = Debug|Any CPU
		{2A38CCDC-6772-4192-BFC8-2648607854E4}.Debug|Any CPU.Build.0 = Debug|Any CPU
		{2A38CCDC-6772-4192-BFC8-2648607854E4}.Debug|x64.ActiveCfg = Debug|Any CPU
		{2A38CCDC-6772-4192-BFC8-2648607854E4}.Debug|x64.Build.0 = Debug|Any CPU
		{2A38CCDC-6772-4192-BFC8-2648607854E4}.Debug|x86.ActiveCfg = Debug|Any CPU
		{2A38CCDC-6772-4192-BFC8-2648607854E4}.Debug|x86.Build.0 = Debug|Any CPU
		{2A38CCDC-6772-4192-BFC8-2648607854E4}.Release|Any CPU.ActiveCfg = Release|Any CPU
		{2A38CCDC-6772-4192-BFC8-2648607854E4}.Release|Any CPU.Build.0 = Release|Any CPU
		{2A38CCDC-6772-4192-BFC8-2648607854E4}.Release|x64.ActiveCfg = Release|Any CPU
		{2A38CCDC-6772-4192-BFC8-2648607854E4}.Release|x64.Build.0 = Release|Any CPU
		{2A38CCDC-6772-4192-BFC8-2648607854E4}.Release|x86.ActiveCfg = Release|Any CPU
		{2A38CCDC-6772-4192-BFC8-2648607854E4}.Release|x86.Build.0 = Release|Any CPU
		{34653946-0349-4284-9AD1-0122A8D3048B}.Debug|Any CPU.ActiveCfg = Debug|Any CPU
		{34653946-0349-4284-9AD1-0122A8D3048B}.Debug|Any CPU.Build.0 = Debug|Any CPU
		{34653946-0349-4284-9AD1-0122A8D3048B}.Debug|x64.ActiveCfg = Debug|Any CPU
		{34653946-0349-4284-9AD1-0122A8D3048B}.Debug|x64.Build.0 = Debug|Any CPU
		{34653946-0349-4284-9AD1-0122A8D3048B}.Debug|x86.ActiveCfg = Debug|Any CPU
		{34653946-0349-4284-9AD1-0122A8D3048B}.Debug|x86.Build.0 = Debug|Any CPU
		{34653946-0349-4284-9AD1-0122A8D3048B}.Release|Any CPU.ActiveCfg = Release|Any CPU
		{34653946-0349-4284-9AD1-0122A8D3048B}.Release|Any CPU.Build.0 = Release|Any CPU
		{34653946-0349-4284-9AD1-0122A8D3048B}.Release|x64.ActiveCfg = Release|Any CPU
		{34653946-0349-4284-9AD1-0122A8D3048B}.Release|x64.Build.0 = Release|Any CPU
		{34653946-0349-4284-9AD1-0122A8D3048B}.Release|x86.ActiveCfg = Release|Any CPU
		{34653946-0349-4284-9AD1-0122A8D3048B}.Release|x86.Build.0 = Release|Any CPU
		{243266DD-24D4-4210-AFB4-6D12948B1963}.Debug|Any CPU.ActiveCfg = Debug|Any CPU
		{243266DD-24D4-4210-AFB4-6D12948B1963}.Debug|Any CPU.Build.0 = Debug|Any CPU
		{243266DD-24D4-4210-AFB4-6D12948B1963}.Debug|x64.ActiveCfg = Debug|Any CPU
		{243266DD-24D4-4210-AFB4-6D12948B1963}.Debug|x64.Build.0 = Debug|Any CPU
		{243266DD-24D4-4210-AFB4-6D12948B1963}.Debug|x86.ActiveCfg = Debug|Any CPU
		{243266DD-24D4-4210-AFB4-6D12948B1963}.Debug|x86.Build.0 = Debug|Any CPU
		{243266DD-24D4-4210-AFB4-6D12948B1963}.Release|Any CPU.ActiveCfg = Release|Any CPU
		{243266DD-24D4-4210-AFB4-6D12948B1963}.Release|Any CPU.Build.0 = Release|Any CPU
		{243266DD-24D4-4210-AFB4-6D12948B1963}.Release|x64.ActiveCfg = Release|Any CPU
		{243266DD-24D4-4210-AFB4-6D12948B1963}.Release|x64.Build.0 = Release|Any CPU
		{243266DD-24D4-4210-AFB4-6D12948B1963}.Release|x86.ActiveCfg = Release|Any CPU
		{243266DD-24D4-4210-AFB4-6D12948B1963}.Release|x86.Build.0 = Release|Any CPU
		{4A7FB141-6AA0-4EBB-B58B-E72CB0153A07}.Debug|Any CPU.ActiveCfg = Debug|Any CPU
		{4A7FB141-6AA0-4EBB-B58B-E72CB0153A07}.Debug|Any CPU.Build.0 = Debug|Any CPU
		{4A7FB141-6AA0-4EBB-B58B-E72CB0153A07}.Debug|x64.ActiveCfg = Debug|Any CPU
		{4A7FB141-6AA0-4EBB-B58B-E72CB0153A07}.Debug|x64.Build.0 = Debug|Any CPU
		{4A7FB141-6AA0-4EBB-B58B-E72CB0153A07}.Debug|x86.ActiveCfg = Debug|Any CPU
		{4A7FB141-6AA0-4EBB-B58B-E72CB0153A07}.Debug|x86.Build.0 = Debug|Any CPU
		{4A7FB141-6AA0-4EBB-B58B-E72CB0153A07}.Release|Any CPU.ActiveCfg = Release|Any CPU
		{4A7FB141-6AA0-4EBB-B58B-E72CB0153A07}.Release|Any CPU.Build.0 = Release|Any CPU
		{4A7FB141-6AA0-4EBB-B58B-E72CB0153A07}.Release|x64.ActiveCfg = Release|Any CPU
		{4A7FB141-6AA0-4EBB-B58B-E72CB0153A07}.Release|x64.Build.0 = Release|Any CPU
		{4A7FB141-6AA0-4EBB-B58B-E72CB0153A07}.Release|x86.ActiveCfg = Release|Any CPU
		{4A7FB141-6AA0-4EBB-B58B-E72CB0153A07}.Release|x86.Build.0 = Release|Any CPU
	EndGlobalSection
	GlobalSection(SolutionProperties) = preSolution
		HideSolutionNode = FALSE
	EndGlobalSection
	GlobalSection(NestedProjects) = preSolution
		{0F1F030D-7F8B-43C6-B486-B05D0F21455F} = {35F84339-5297-40CE-B727-F9EF40F5C5B4}
		{A10F2EA1-0D67-4F27-B462-92088426395F} = {2D72B1FD-82F9-4921-A78A-A227762F1BBF}
		{C49F542C-04E8-42C3-9D4F-77CB823D2F43} = {35F84339-5297-40CE-B727-F9EF40F5C5B4}
		{E1EBC83E-6B57-424F-A27C-22CAB05A1E06} = {35F84339-5297-40CE-B727-F9EF40F5C5B4}
		{35F84339-5297-40CE-B727-F9EF40F5C5B4} = {2D72B1FD-82F9-4921-A78A-A227762F1BBF}
		{2764E8C1-6CB9-4E84-932D-0FAD5CE1047B} = {35F84339-5297-40CE-B727-F9EF40F5C5B4}
		{BE28FA50-E7CD-4258-9EC2-8953D2B5CC40} = {35F84339-5297-40CE-B727-F9EF40F5C5B4}
		{E9519B88-A527-4A94-8A67-F6B404070E28} = {35F84339-5297-40CE-B727-F9EF40F5C5B4}
		{5EEE1F1B-45D0-4E04-A35E-BDB3A8420CF1} = {2D72B1FD-82F9-4921-A78A-A227762F1BBF}
		{FB3FA5AF-4E27-46C2-8D26-F8266B06C0A3} = {5EEE1F1B-45D0-4E04-A35E-BDB3A8420CF1}
		{114B6D4B-C2A0-4CC1-B180-B8354FD9C6FD} = {5EEE1F1B-45D0-4E04-A35E-BDB3A8420CF1}
		{A22A73BF-87A7-4855-80BE-156D79C98205} = {5EEE1F1B-45D0-4E04-A35E-BDB3A8420CF1}
		{00AD9821-4F04-44C5-B266-DD4EAD4ADB4D} = {5EEE1F1B-45D0-4E04-A35E-BDB3A8420CF1}
		{01F87171-1940-4E02-8EE6-9148656A90E7} = {5EEE1F1B-45D0-4E04-A35E-BDB3A8420CF1}
		{DA350D35-3B56-4544-84AC-819285567534} = {5EEE1F1B-45D0-4E04-A35E-BDB3A8420CF1}
		{767A9E90-8823-4505-A1B2-E8A24CD96091} = {35F84339-5297-40CE-B727-F9EF40F5C5B4}
		{4B83A5EE-5BF8-4DAF-BA93-654BB86EDF99} = {E65A9AA0-6CEE-44CA-ADD3-4AD282C246EB}
		{2A38CCDC-6772-4192-BFC8-2648607854E4} = {E65A9AA0-6CEE-44CA-ADD3-4AD282C246EB}
		{34653946-0349-4284-9AD1-0122A8D3048B} = {E65A9AA0-6CEE-44CA-ADD3-4AD282C246EB}
		{243266DD-24D4-4210-AFB4-6D12948B1963} = {E65A9AA0-6CEE-44CA-ADD3-4AD282C246EB}
		{4A7FB141-6AA0-4EBB-B58B-E72CB0153A07} = {E65A9AA0-6CEE-44CA-ADD3-4AD282C246EB}
	EndGlobalSection
	GlobalSection(ExtensibilityGlobals) = postSolution
		SolutionGuid = {B061D66B-81B5-4DCE-AB95-F4F5D9659097}
	EndGlobalSection
EndGlobal
